{
  "name": "heritageoaks.com",
  "version": "1.0.0",
  "lockfileVersion": 1,
  "requires": true,
  "dependencies": {
    "astatine": {
      "version": "1.2.0",
      "resolved": "https://registry.npmjs.org/astatine/-/astatine-1.2.0.tgz",
      "integrity": "sha1-+CT6RKn3PqW9zHmNrwAC5t533lw="
    },
    "erbium": {
      "version": "2.0.1",
      "resolved": "https://registry.npmjs.org/erbium/-/erbium-2.0.1.tgz",
      "integrity": "sha512-Mv+e5iMn6irv9rkZrvnXPeds7BICeZ+7Nxr8Twz+xCneolY+JMmTMMA97R4ppeOWPlIVa8zYme78Ykc/m8+9yg=="
    },
    "flexboxgrid": {
      "version": "6.3.1",
      "resolved": "https://registry.npmjs.org/flexboxgrid/-/flexboxgrid-6.3.1.tgz",
      "integrity": "sha1-6ZiYr8B7cEdyK7galYpfuk1OIP0="
    }
  }
}
